
Microsoft Visual Studio Solution File, Format Version 12.00
# Visual Studio 15
VisualStudioVersion = 15.0.27130.2027
MinimumVisualStudioVersion = 10.0.40219.1
Project("{FAE04EC0-301F-11D3-BF4B-00C04F79EFBC}") = "Amon", "Amon\Amon.csproj", "{DA1A2998-93C5-47F8-8B01-4E8AD58310AD}"
EndProject
Global
	GlobalSection(SolutionConfigurationPlatforms) = preSolution
		Debug|Any CPU = Debug|Any CPU
		Release|Any CPU = Release|Any CPU
	EndGlobalSection
	GlobalSection(ProjectConfigurationPlatforms) = postSolution
		{DA1A2998-93C5-47F8-8B01-4E8AD58310AD}.Debug|Any CPU.ActiveCfg = Debug|Any CPU
		{DA1A2998-93C5-47F8-8B01-4E8AD58310AD}.Debug|Any CPU.Build.0 = Debug|Any CPU
		{DA1A2998-93C5-47F8-8B01-4E8AD58310AD}.Release|Any CPU.ActiveCfg = Release|Any CPU
		{DA1A2998-93C5-47F8-8B01-4E8AD58310AD}.Release|Any CPU.Build.0 = Release|Any CPU
	EndGlobalSection
	GlobalSection(SolutionProperties) = preSolution
		HideSolutionNode = FALSE
	EndGlobalSection
	GlobalSection(ExtensibilityGlobals) = postSolution
		SolutionGuid = {4D23E5D8-1D87-4EDE-9A43-3AAF2E6C753E}
	EndGlobalSection
EndGlobal
